
Microsoft Visual Studio Solution File, Format Version 12.00
# Visual Studio Version 17
VisualStudioVersion = 17.3.32825.248
MinimumVisualStudioVersion = 10.0.40219.1
Project("{FAE04EC0-301F-11D3-BF4B-00C04F79EFBC}") = "Lab1", "Lab1.csproj", "{022DF7B8-BD8E-4970-9641-DB733FC040FA}"
EndProject
Global
	GlobalSection(SolutionConfigurationPlatforms) = preSolution
		Debug|Any CPU = Debug|Any CPU
		Release|Any CPU = Release|Any CPU
	EndGlobalSection
	GlobalSection(ProjectConfigurationPlatforms) = postSolution
		{022DF7B8-BD8E-4970-9641-DB733FC040FA}.Debug|Any CPU.ActiveCfg = Debug|Any CPU
		{022DF7B8-BD8E-4970-9641-DB733FC040FA}.Debug|Any CPU.Build.0 = Debug|Any CPU
		{022DF7B8-BD8E-4970-9641-DB733FC040FA}.Release|Any CPU.ActiveCfg = Release|Any CPU
		{022DF7B8-BD8E-4970-9641-DB733FC040FA}.Release|Any CPU.Build.0 = Release|Any CPU
	EndGlobalSection
	GlobalSection(SolutionProperties) = preSolution
		HideSolutionNode = FALSE
	EndGlobalSection
	GlobalSection(ExtensibilityGlobals) = postSolution
		SolutionGuid = {33C4C5D3-E23C-460E-9841-7CED3359DCFA}
	EndGlobalSection
EndGlobal
