
Microsoft Visual Studio Solution File, Format Version 12.00
# Visual Studio Version 17
VisualStudioVersion = 17.3.32825.248
MinimumVisualStudioVersion = 10.0.40219.1
Project("{FAE04EC0-301F-11D3-BF4B-00C04F79EFBC}") = "Lab2", "Lab2.csproj", "{1BC7D41A-5F04-4CD4-8A27-053531E2B826}"
EndProject
Global
	GlobalSection(SolutionConfigurationPlatforms) = preSolution
		Debug|Any CPU = Debug|Any CPU
		Release|Any CPU = Release|Any CPU
	EndGlobalSection
	GlobalSection(ProjectConfigurationPlatforms) = postSolution
		{1BC7D41A-5F04-4CD4-8A27-053531E2B826}.Debug|Any CPU.ActiveCfg = Debug|Any CPU
		{1BC7D41A-5F04-4CD4-8A27-053531E2B826}.Debug|Any CPU.Build.0 = Debug|Any CPU
		{1BC7D41A-5F04-4CD4-8A27-053531E2B826}.Release|Any CPU.ActiveCfg = Release|Any CPU
		{1BC7D41A-5F04-4CD4-8A27-053531E2B826}.Release|Any CPU.Build.0 = Release|Any CPU
	EndGlobalSection
	GlobalSection(SolutionProperties) = preSolution
		HideSolutionNode = FALSE
	EndGlobalSection
	GlobalSection(ExtensibilityGlobals) = postSolution
		SolutionGuid = {1CD1E250-2B76-4166-95E4-75CF830BE887}
	EndGlobalSection
EndGlobal
