
Microsoft Visual Studio Solution File, Format Version 12.00
# Visual Studio Version 17
VisualStudioVersion = 17.4.33213.308
MinimumVisualStudioVersion = 10.0.40219.1
Project("{FAE04EC0-301F-11D3-BF4B-00C04F79EFBC}") = "Lab1", "Lab1.csproj", "{4A11E0BC-6695-4C12-9959-DDC1615077CC}"
EndProject
Global
	GlobalSection(SolutionConfigurationPlatforms) = preSolution
		Debug|Any CPU = Debug|Any CPU
		Release|Any CPU = Release|Any CPU
	EndGlobalSection
	GlobalSection(ProjectConfigurationPlatforms) = postSolution
		{4A11E0BC-6695-4C12-9959-DDC1615077CC}.Debug|Any CPU.ActiveCfg = Debug|Any CPU
		{4A11E0BC-6695-4C12-9959-DDC1615077CC}.Debug|Any CPU.Build.0 = Debug|Any CPU
		{4A11E0BC-6695-4C12-9959-DDC1615077CC}.Release|Any CPU.ActiveCfg = Release|Any CPU
		{4A11E0BC-6695-4C12-9959-DDC1615077CC}.Release|Any CPU.Build.0 = Release|Any CPU
	EndGlobalSection
	GlobalSection(SolutionProperties) = preSolution
		HideSolutionNode = FALSE
	EndGlobalSection
	GlobalSection(ExtensibilityGlobals) = postSolution
		SolutionGuid = {F5C2F940-C2BF-4069-AFC8-31A23556BD3C}
	EndGlobalSection
EndGlobal
